
Microsoft Visual Studio Solution File, Format Version 12.00
# Visual Studio 14
VisualStudioVersion = 14.0.22823.1
MinimumVisualStudioVersion = 10.0.40219.1
Project("{2150E333-8FDC-42A3-9474-1A3956D46DE8}") = "src", "src", "{CC729377-1503-48DA-8C1E-CDD535974A2F}"
EndProject
Project("{2150E333-8FDC-42A3-9474-1A3956D46DE8}") = "Solution Items", "Solution Items", "{A600DC5F-275B-4AF3-80B2-8D6A1997AB88}"
	ProjectSection(SolutionItems) = preProject
		global.json = global.json
	EndProjectSection
EndProject
Project("{8BB2217D-0F2D-49D1-97BC-3654ED321F3B}") = "Nancy", "Nancy\Nancy.xproj", "{4A80CE6F-6B55-403C-9841-811C4D4A14F7}"
EndProject
Project("{8BB2217D-0F2D-49D1-97BC-3654ED321F3B}") = "Nancy.Authentication.Basic", "Nancy.Authentication.Basic\Nancy.Authentication.Basic.xproj", "{9C808583-B3F5-4811-A845-3816790DAE41}"
EndProject
Project("{8BB2217D-0F2D-49D1-97BC-3654ED321F3B}") = "Nancy.Authentication.Forms", "Nancy.Authentication.Forms\Nancy.Authentication.Forms.xproj", "{1920653F-DCBC-4DF1-AC47-0EF3AEAE4184}"
EndProject
Project("{8BB2217D-0F2D-49D1-97BC-3654ED321F3B}") = "Nancy.Authentication.Stateless", "Nancy.Authentication.Stateless\Nancy.Authentication.Stateless.xproj", "{A46AD0DB-3116-46DA-9341-4467ADDC477C}"
EndProject
Project("{8BB2217D-0F2D-49D1-97BC-3654ED321F3B}") = "Nancy.Authentication.Token", "Nancy.Authentication.Token\Nancy.Authentication.Token.xproj", "{A5AB7B18-D72F-45E4-8E22-FAAE09A75285}"
EndProject
Project("{8BB2217D-0F2D-49D1-97BC-3654ED321F3B}") = "Nancy.Embedded", "Nancy.Embedded\Nancy.Embedded.xproj", "{DAD74B5E-B49D-435B-9CD1-8A63F40BADAE}"
EndProject
Project("{8BB2217D-0F2D-49D1-97BC-3654ED321F3B}") = "Nancy.Encryption.MachineKey", "Nancy.Encryption.MachineKey\Nancy.Encryption.MachineKey.xproj", "{5802BFEE-9599-4715-9389-2163D8F834D1}"
EndProject
Project("{8BB2217D-0F2D-49D1-97BC-3654ED321F3B}") = "Nancy.Hosting.Aspnet", "Nancy.Hosting.Aspnet\Nancy.Hosting.Aspnet.xproj", "{6B9FE66B-0789-4F10-964F-23C70F74C6E6}"
EndProject
Project("{8BB2217D-0F2D-49D1-97BC-3654ED321F3B}") = "Nancy.Hosting.Self", "Nancy.Hosting.Self\Nancy.Hosting.Self.xproj", "{631B069A-1827-4CB8-A7BD-AF5FE8B93CF4}"
EndProject
Project("{8BB2217D-0F2D-49D1-97BC-3654ED321F3B}") = "Nancy.Hosting.Wcf", "Nancy.Hosting.Wcf\Nancy.Hosting.Wcf.xproj", "{C5BECD93-62CE-4464-9EA3-5A7E1CD4B7F4}"
EndProject
Project("{8BB2217D-0F2D-49D1-97BC-3654ED321F3B}") = "Nancy.Metadata.Modules", "Nancy.Metadata.Modules\Nancy.Metadata.Modules.xproj", "{CC0B6603-1EC9-474B-8979-92F8ABB99F76}"
EndProject
Project("{8BB2217D-0F2D-49D1-97BC-3654ED321F3B}") = "Nancy.Owin", "Nancy.Owin\Nancy.Owin.xproj", "{2A2F4714-CDEB-4FE6-8081-D445CA8083B8}"
EndProject
Project("{8BB2217D-0F2D-49D1-97BC-3654ED321F3B}") = "Nancy.Testing", "Nancy.Testing\Nancy.Testing.xproj", "{9CA78C12-31BB-4EB5-967B-A1AD28BA3EDE}"
EndProject
Project("{8BB2217D-0F2D-49D1-97BC-3654ED321F3B}") = "Nancy.Validation.DataAnnotations", "Nancy.Validation.DataAnnotations\Nancy.Validation.DataAnnotations.xproj", "{867B82C7-EC5B-42A1-953B-4BD3BE4E880B}"
EndProject
Project("{8BB2217D-0F2D-49D1-97BC-3654ED321F3B}") = "Nancy.Validation.FluentValidation", "Nancy.Validation.FluentValidation\Nancy.Validation.FluentValidation.xproj", "{4F97F144-F6C2-411D-BA7A-AAE59916AF83}"
EndProject
Project("{8BB2217D-0F2D-49D1-97BC-3654ED321F3B}") = "Nancy.ViewEngines.DotLiquid", "Nancy.ViewEngines.DotLiquid\Nancy.ViewEngines.DotLiquid.xproj", "{4D131CB4-A751-4C3C-91D7-69FEA417377C}"
EndProject
Project("{8BB2217D-0F2D-49D1-97BC-3654ED321F3B}") = "Nancy.ViewEngines.Markdown", "Nancy.ViewEngines.Markdown\Nancy.ViewEngines.Markdown.xproj", "{5A9840FB-5386-4FE3-9930-9300B6BCE096}"
EndProject
Project("{8BB2217D-0F2D-49D1-97BC-3654ED321F3B}") = "Nancy.ViewEngines.Nustache", "Nancy.ViewEngines.Nustache\Nancy.ViewEngines.Nustache.xproj", "{CBADC3BF-2186-4A61-AD3E-91A201976285}"
EndProject
Project("{8BB2217D-0F2D-49D1-97BC-3654ED321F3B}") = "Nancy.ViewEngines.Razor", "Nancy.ViewEngines.Razor\Nancy.ViewEngines.Razor.xproj", "{CFA2FBC7-1A01-4EA9-93FF-BFF6ECEB24C6}"
EndProject
Project("{8BB2217D-0F2D-49D1-97BC-3654ED321F3B}") = "Nancy.ViewEngines.Razor.BuildProviders", "Nancy.ViewEngines.Razor.BuildProviders\Nancy.ViewEngines.Razor.BuildProviders.xproj", "{5176E57C-0DB1-4654-BE8D-4121F3C8DBAA}"
EndProject
Project("{8BB2217D-0F2D-49D1-97BC-3654ED321F3B}") = "Nancy.ViewEngines.Spark", "Nancy.ViewEngines.Spark\Nancy.ViewEngines.Spark.xproj", "{78131E18-DACE-4CB5-A98D-29736421CB37}"
EndProject
Project("{2150E333-8FDC-42A3-9474-1A3956D46DE8}") = "samples", "samples", "{913E80D6-6EE0-47BC-B3B6-0D0A769B461A}"
EndProject
Project("{2150E333-8FDC-42A3-9474-1A3956D46DE8}") = "tests", "tests", "{C5F77437-CDD3-49DB-BE2F-97B9AFAD4809}"
EndProject
Project("{8BB2217D-0F2D-49D1-97BC-3654ED321F3B}") = "Nancy.Authentication.Basic.Tests", "Nancy.Authentication.Basic.Tests\Nancy.Authentication.Basic.Tests.xproj", "{B45F052D-27CF-4977-BC60-7E4086BD9525}"
EndProject
Project("{8BB2217D-0F2D-49D1-97BC-3654ED321F3B}") = "Nancy.Authentication.Forms.Tests", "Nancy.Authentication.Forms.Tests\Nancy.Authentication.Forms.Tests.xproj", "{B12613FD-27D1-44BC-A4C2-9881FDA926E4}"
EndProject
Project("{8BB2217D-0F2D-49D1-97BC-3654ED321F3B}") = "Nancy.Authentication.Token.Tests", "Nancy.Authentication.Token.Tests\Nancy.Authentication.Token.Tests.xproj", "{EF6F7746-E6D4-4899-BE49-D4F1456835A3}"
EndProject
Project("{8BB2217D-0F2D-49D1-97BC-3654ED321F3B}") = "Nancy.Embedded.Tests", "Nancy.Embedded.Tests\Nancy.Embedded.Tests.xproj", "{6F485A2C-751E-49EC-A4AF-BCF47014B65F}"
EndProject
Project("{8BB2217D-0F2D-49D1-97BC-3654ED321F3B}") = "Nancy.Encryption.MachineKey.Tests", "Nancy.Encryption.MachineKey.Tests\Nancy.Encryption.MachineKey.Tests.xproj", "{56BF7ABD-68B3-422E-9D25-8AF9648CF4CA}"
EndProject
Project("{8BB2217D-0F2D-49D1-97BC-3654ED321F3B}") = "Nancy.Hosting.Aspnet.Tests", "Nancy.Hosting.Aspnet.Tests\Nancy.Hosting.Aspnet.Tests.xproj", "{4D9E4A6F-C66B-4560-A14E-27F05CFBCC14}"
EndProject
Project("{8BB2217D-0F2D-49D1-97BC-3654ED321F3B}") = "Nancy.Hosting.Self.Tests", "Nancy.Hosting.Self.Tests\Nancy.Hosting.Self.Tests.xproj", "{08FB91E8-E141-46F7-AC57-D905C5EB74F8}"
EndProject
Project("{8BB2217D-0F2D-49D1-97BC-3654ED321F3B}") = "Nancy.Hosting.Wcf.Tests", "Nancy.Hosting.Wcf.Tests\Nancy.Hosting.Wcf.Tests.xproj", "{1B3C13B3-8FB2-4844-B6E6-6F46B0B9F5F2}"
EndProject
Project("{8BB2217D-0F2D-49D1-97BC-3654ED321F3B}") = "Nancy.Metadata.Modules.Tests", "Nancy.Metadata.Modules.Tests\Nancy.Metadata.Modules.Tests.xproj", "{109494B9-85DC-46A5-8F84-CD05A09F629F}"
EndProject
Project("{8BB2217D-0F2D-49D1-97BC-3654ED321F3B}") = "Nancy.Owin.Tests", "Nancy.Owin.Tests\Nancy.Owin.Tests.xproj", "{39075058-2635-425A-A4C0-9713074AD861}"
EndProject
Project("{8BB2217D-0F2D-49D1-97BC-3654ED321F3B}") = "Nancy.Testing.Tests", "Nancy.Testing.Tests\Nancy.Testing.Tests.xproj", "{F32E5D6F-1962-4202-8DB6-6329D3CE78CB}"
EndProject
Project("{8BB2217D-0F2D-49D1-97BC-3654ED321F3B}") = "Nancy.Tests", "Nancy.Tests\Nancy.Tests.xproj", "{3962D5DD-2F6A-4FCE-A353-F09E8B7086A0}"
EndProject
Project("{8BB2217D-0F2D-49D1-97BC-3654ED321F3B}") = "Nancy.Tests.Functional", "Nancy.Tests.Functional\Nancy.Tests.Functional.xproj", "{FF9695FC-04EB-4B5D-B154-67012B52DAF5}"
EndProject
Project("{8BB2217D-0F2D-49D1-97BC-3654ED321F3B}") = "Nancy.Validation.DataAnnotations.Tests", "Nancy.Validation.DataAnnotatioins.Tests\Nancy.Validation.DataAnnotations.Tests.xproj", "{5AB084C8-5DD5-4714-BBA0-098228188F33}"
EndProject
Project("{8BB2217D-0F2D-49D1-97BC-3654ED321F3B}") = "Nancy.Validation.FluentValidation.Tests", "Nancy.Validation.FluentValidation.Tests\Nancy.Validation.FluentValidation.Tests.xproj", "{4E97C917-6BCA-4CBA-BD16-AA72D29C1150}"
EndProject
Project("{8BB2217D-0F2D-49D1-97BC-3654ED321F3B}") = "Nancy.ViewEngines.DotLiquid.Tests", "Nancy.ViewEngines.DotLiquid.Tests\Nancy.ViewEngines.DotLiquid.Tests.xproj", "{F43596D6-0C72-491A-A6D3-C47050A124A5}"
EndProject
Project("{8BB2217D-0F2D-49D1-97BC-3654ED321F3B}") = "Nancy.ViewEngines.Markdown.Tests", "Nancy.ViewEngines.Markdown.Tests\Nancy.ViewEngines.Markdown.Tests.xproj", "{B432490B-83A2-4F58-A47A-5F513F13880A}"
EndProject
Project("{8BB2217D-0F2D-49D1-97BC-3654ED321F3B}") = "Nancy.ViewEngines.Razor.Tests", "Nancy.ViewEngines.Razor.Tests\Nancy.ViewEngines.Razor.Tests.xproj", "{4A801B8E-F312-4B68-B7F8-08671B127581}"
EndProject
Project("{8BB2217D-0F2D-49D1-97BC-3654ED321F3B}") = "Nancy.ViewEngines.Razor.Tests.Models", "Nancy.ViewEngines.Razor.Tests.Models\Nancy.ViewEngines.Razor.Tests.Models.xproj", "{93BF476B-2634-4DE2-807E-F7ED6CC19718}"
EndProject
Project("{8BB2217D-0F2D-49D1-97BC-3654ED321F3B}") = "Nancy.ViewEngines.Spark.Tests", "Nancy.ViewEngines.Spark.Tests\Nancy.ViewEngines.Spark.Tests.xproj", "{7FE05D04-C797-4960-A89F-F04B14491A45}"
EndProject
Global
	GlobalSection(SolutionConfigurationPlatforms) = preSolution
		Debug|Any CPU = Debug|Any CPU
		MonoDebug|Any CPU = MonoDebug|Any CPU
		MonoRelease|Any CPU = MonoRelease|Any CPU
		Release|Any CPU = Release|Any CPU
	EndGlobalSection
	GlobalSection(ProjectConfigurationPlatforms) = postSolution
		{4A80CE6F-6B55-403C-9841-811C4D4A14F7}.Debug|Any CPU.ActiveCfg = Debug|Any CPU
		{4A80CE6F-6B55-403C-9841-811C4D4A14F7}.Debug|Any CPU.Build.0 = Debug|Any CPU
		{4A80CE6F-6B55-403C-9841-811C4D4A14F7}.MonoDebug|Any CPU.ActiveCfg = Debug|Any CPU
		{4A80CE6F-6B55-403C-9841-811C4D4A14F7}.MonoDebug|Any CPU.Build.0 = Debug|Any CPU
		{4A80CE6F-6B55-403C-9841-811C4D4A14F7}.MonoRelease|Any CPU.ActiveCfg = Release|Any CPU
		{4A80CE6F-6B55-403C-9841-811C4D4A14F7}.MonoRelease|Any CPU.Build.0 = Release|Any CPU
		{4A80CE6F-6B55-403C-9841-811C4D4A14F7}.Release|Any CPU.ActiveCfg = Release|Any CPU
		{4A80CE6F-6B55-403C-9841-811C4D4A14F7}.Release|Any CPU.Build.0 = Release|Any CPU
		{9C808583-B3F5-4811-A845-3816790DAE41}.Debug|Any CPU.ActiveCfg = Debug|Any CPU
		{9C808583-B3F5-4811-A845-3816790DAE41}.Debug|Any CPU.Build.0 = Debug|Any CPU
		{9C808583-B3F5-4811-A845-3816790DAE41}.MonoDebug|Any CPU.ActiveCfg = Debug|Any CPU
		{9C808583-B3F5-4811-A845-3816790DAE41}.MonoDebug|Any CPU.Build.0 = Debug|Any CPU
		{9C808583-B3F5-4811-A845-3816790DAE41}.MonoRelease|Any CPU.ActiveCfg = Release|Any CPU
		{9C808583-B3F5-4811-A845-3816790DAE41}.MonoRelease|Any CPU.Build.0 = Release|Any CPU
		{9C808583-B3F5-4811-A845-3816790DAE41}.Release|Any CPU.ActiveCfg = Release|Any CPU
		{9C808583-B3F5-4811-A845-3816790DAE41}.Release|Any CPU.Build.0 = Release|Any CPU
		{1920653F-DCBC-4DF1-AC47-0EF3AEAE4184}.Debug|Any CPU.ActiveCfg = Debug|Any CPU
		{1920653F-DCBC-4DF1-AC47-0EF3AEAE4184}.Debug|Any CPU.Build.0 = Debug|Any CPU
		{1920653F-DCBC-4DF1-AC47-0EF3AEAE4184}.MonoDebug|Any CPU.ActiveCfg = Debug|Any CPU
		{1920653F-DCBC-4DF1-AC47-0EF3AEAE4184}.MonoDebug|Any CPU.Build.0 = Debug|Any CPU
		{1920653F-DCBC-4DF1-AC47-0EF3AEAE4184}.MonoRelease|Any CPU.ActiveCfg = Release|Any CPU
		{1920653F-DCBC-4DF1-AC47-0EF3AEAE4184}.MonoRelease|Any CPU.Build.0 = Release|Any CPU
		{1920653F-DCBC-4DF1-AC47-0EF3AEAE4184}.Release|Any CPU.ActiveCfg = Release|Any CPU
		{1920653F-DCBC-4DF1-AC47-0EF3AEAE4184}.Release|Any CPU.Build.0 = Release|Any CPU
		{A46AD0DB-3116-46DA-9341-4467ADDC477C}.Debug|Any CPU.ActiveCfg = Debug|Any CPU
		{A46AD0DB-3116-46DA-9341-4467ADDC477C}.Debug|Any CPU.Build.0 = Debug|Any CPU
		{A46AD0DB-3116-46DA-9341-4467ADDC477C}.MonoDebug|Any CPU.ActiveCfg = Debug|Any CPU
		{A46AD0DB-3116-46DA-9341-4467ADDC477C}.MonoDebug|Any CPU.Build.0 = Debug|Any CPU
		{A46AD0DB-3116-46DA-9341-4467ADDC477C}.MonoRelease|Any CPU.ActiveCfg = Release|Any CPU
		{A46AD0DB-3116-46DA-9341-4467ADDC477C}.MonoRelease|Any CPU.Build.0 = Release|Any CPU
		{A46AD0DB-3116-46DA-9341-4467ADDC477C}.Release|Any CPU.ActiveCfg = Release|Any CPU
		{A46AD0DB-3116-46DA-9341-4467ADDC477C}.Release|Any CPU.Build.0 = Release|Any CPU
		{A5AB7B18-D72F-45E4-8E22-FAAE09A75285}.Debug|Any CPU.ActiveCfg = Debug|Any CPU
		{A5AB7B18-D72F-45E4-8E22-FAAE09A75285}.Debug|Any CPU.Build.0 = Debug|Any CPU
		{A5AB7B18-D72F-45E4-8E22-FAAE09A75285}.MonoDebug|Any CPU.ActiveCfg = Debug|Any CPU
		{A5AB7B18-D72F-45E4-8E22-FAAE09A75285}.MonoDebug|Any CPU.Build.0 = Debug|Any CPU
		{A5AB7B18-D72F-45E4-8E22-FAAE09A75285}.MonoRelease|Any CPU.ActiveCfg = Release|Any CPU
		{A5AB7B18-D72F-45E4-8E22-FAAE09A75285}.MonoRelease|Any CPU.Build.0 = Release|Any CPU
		{A5AB7B18-D72F-45E4-8E22-FAAE09A75285}.Release|Any CPU.ActiveCfg = Release|Any CPU
		{A5AB7B18-D72F-45E4-8E22-FAAE09A75285}.Release|Any CPU.Build.0 = Release|Any CPU
		{DAD74B5E-B49D-435B-9CD1-8A63F40BADAE}.Debug|Any CPU.ActiveCfg = Debug|Any CPU
		{DAD74B5E-B49D-435B-9CD1-8A63F40BADAE}.Debug|Any CPU.Build.0 = Debug|Any CPU
		{DAD74B5E-B49D-435B-9CD1-8A63F40BADAE}.MonoDebug|Any CPU.ActiveCfg = Debug|Any CPU
		{DAD74B5E-B49D-435B-9CD1-8A63F40BADAE}.MonoDebug|Any CPU.Build.0 = Debug|Any CPU
		{DAD74B5E-B49D-435B-9CD1-8A63F40BADAE}.MonoRelease|Any CPU.ActiveCfg = Release|Any CPU
		{DAD74B5E-B49D-435B-9CD1-8A63F40BADAE}.MonoRelease|Any CPU.Build.0 = Release|Any CPU
		{DAD74B5E-B49D-435B-9CD1-8A63F40BADAE}.Release|Any CPU.ActiveCfg = Release|Any CPU
		{DAD74B5E-B49D-435B-9CD1-8A63F40BADAE}.Release|Any CPU.Build.0 = Release|Any CPU
		{5802BFEE-9599-4715-9389-2163D8F834D1}.Debug|Any CPU.ActiveCfg = Debug|Any CPU
		{5802BFEE-9599-4715-9389-2163D8F834D1}.Debug|Any CPU.Build.0 = Debug|Any CPU
		{5802BFEE-9599-4715-9389-2163D8F834D1}.MonoDebug|Any CPU.ActiveCfg = Debug|Any CPU
		{5802BFEE-9599-4715-9389-2163D8F834D1}.MonoDebug|Any CPU.Build.0 = Debug|Any CPU
		{5802BFEE-9599-4715-9389-2163D8F834D1}.MonoRelease|Any CPU.ActiveCfg = Release|Any CPU
		{5802BFEE-9599-4715-9389-2163D8F834D1}.MonoRelease|Any CPU.Build.0 = Release|Any CPU
		{5802BFEE-9599-4715-9389-2163D8F834D1}.Release|Any CPU.ActiveCfg = Release|Any CPU
		{5802BFEE-9599-4715-9389-2163D8F834D1}.Release|Any CPU.Build.0 = Release|Any CPU
		{6B9FE66B-0789-4F10-964F-23C70F74C6E6}.Debug|Any CPU.ActiveCfg = Debug|Any CPU
		{6B9FE66B-0789-4F10-964F-23C70F74C6E6}.Debug|Any CPU.Build.0 = Debug|Any CPU
		{6B9FE66B-0789-4F10-964F-23C70F74C6E6}.MonoDebug|Any CPU.ActiveCfg = Debug|Any CPU
		{6B9FE66B-0789-4F10-964F-23C70F74C6E6}.MonoDebug|Any CPU.Build.0 = Debug|Any CPU
		{6B9FE66B-0789-4F10-964F-23C70F74C6E6}.MonoRelease|Any CPU.ActiveCfg = Release|Any CPU
		{6B9FE66B-0789-4F10-964F-23C70F74C6E6}.MonoRelease|Any CPU.Build.0 = Release|Any CPU
		{6B9FE66B-0789-4F10-964F-23C70F74C6E6}.Release|Any CPU.ActiveCfg = Release|Any CPU
		{6B9FE66B-0789-4F10-964F-23C70F74C6E6}.Release|Any CPU.Build.0 = Release|Any CPU
		{631B069A-1827-4CB8-A7BD-AF5FE8B93CF4}.Debug|Any CPU.ActiveCfg = Debug|Any CPU
		{631B069A-1827-4CB8-A7BD-AF5FE8B93CF4}.Debug|Any CPU.Build.0 = Debug|Any CPU
		{631B069A-1827-4CB8-A7BD-AF5FE8B93CF4}.MonoDebug|Any CPU.ActiveCfg = Debug|Any CPU
		{631B069A-1827-4CB8-A7BD-AF5FE8B93CF4}.MonoDebug|Any CPU.Build.0 = Debug|Any CPU
		{631B069A-1827-4CB8-A7BD-AF5FE8B93CF4}.MonoRelease|Any CPU.ActiveCfg = Release|Any CPU
		{631B069A-1827-4CB8-A7BD-AF5FE8B93CF4}.MonoRelease|Any CPU.Build.0 = Release|Any CPU
		{631B069A-1827-4CB8-A7BD-AF5FE8B93CF4}.Release|Any CPU.ActiveCfg = Release|Any CPU
		{631B069A-1827-4CB8-A7BD-AF5FE8B93CF4}.Release|Any CPU.Build.0 = Release|Any CPU
		{C5BECD93-62CE-4464-9EA3-5A7E1CD4B7F4}.Debug|Any CPU.ActiveCfg = Debug|Any CPU
		{C5BECD93-62CE-4464-9EA3-5A7E1CD4B7F4}.Debug|Any CPU.Build.0 = Debug|Any CPU
		{C5BECD93-62CE-4464-9EA3-5A7E1CD4B7F4}.MonoDebug|Any CPU.ActiveCfg = Debug|Any CPU
		{C5BECD93-62CE-4464-9EA3-5A7E1CD4B7F4}.MonoDebug|Any CPU.Build.0 = Debug|Any CPU
		{C5BECD93-62CE-4464-9EA3-5A7E1CD4B7F4}.MonoRelease|Any CPU.ActiveCfg = Release|Any CPU
		{C5BECD93-62CE-4464-9EA3-5A7E1CD4B7F4}.MonoRelease|Any CPU.Build.0 = Release|Any CPU
		{C5BECD93-62CE-4464-9EA3-5A7E1CD4B7F4}.Release|Any CPU.ActiveCfg = Release|Any CPU
		{C5BECD93-62CE-4464-9EA3-5A7E1CD4B7F4}.Release|Any CPU.Build.0 = Release|Any CPU
		{CC0B6603-1EC9-474B-8979-92F8ABB99F76}.Debug|Any CPU.ActiveCfg = Debug|Any CPU
		{CC0B6603-1EC9-474B-8979-92F8ABB99F76}.Debug|Any CPU.Build.0 = Debug|Any CPU
		{CC0B6603-1EC9-474B-8979-92F8ABB99F76}.MonoDebug|Any CPU.ActiveCfg = Debug|Any CPU
		{CC0B6603-1EC9-474B-8979-92F8ABB99F76}.MonoDebug|Any CPU.Build.0 = Debug|Any CPU
		{CC0B6603-1EC9-474B-8979-92F8ABB99F76}.MonoRelease|Any CPU.ActiveCfg = Release|Any CPU
		{CC0B6603-1EC9-474B-8979-92F8ABB99F76}.MonoRelease|Any CPU.Build.0 = Release|Any CPU
		{CC0B6603-1EC9-474B-8979-92F8ABB99F76}.Release|Any CPU.ActiveCfg = Release|Any CPU
		{CC0B6603-1EC9-474B-8979-92F8ABB99F76}.Release|Any CPU.Build.0 = Release|Any CPU
		{2A2F4714-CDEB-4FE6-8081-D445CA8083B8}.Debug|Any CPU.ActiveCfg = Debug|Any CPU
		{2A2F4714-CDEB-4FE6-8081-D445CA8083B8}.Debug|Any CPU.Build.0 = Debug|Any CPU
		{2A2F4714-CDEB-4FE6-8081-D445CA8083B8}.MonoDebug|Any CPU.ActiveCfg = Debug|Any CPU
		{2A2F4714-CDEB-4FE6-8081-D445CA8083B8}.MonoDebug|Any CPU.Build.0 = Debug|Any CPU
		{2A2F4714-CDEB-4FE6-8081-D445CA8083B8}.MonoRelease|Any CPU.ActiveCfg = Release|Any CPU
		{2A2F4714-CDEB-4FE6-8081-D445CA8083B8}.MonoRelease|Any CPU.Build.0 = Release|Any CPU
		{2A2F4714-CDEB-4FE6-8081-D445CA8083B8}.Release|Any CPU.ActiveCfg = Release|Any CPU
		{2A2F4714-CDEB-4FE6-8081-D445CA8083B8}.Release|Any CPU.Build.0 = Release|Any CPU
		{9CA78C12-31BB-4EB5-967B-A1AD28BA3EDE}.Debug|Any CPU.ActiveCfg = Debug|Any CPU
		{9CA78C12-31BB-4EB5-967B-A1AD28BA3EDE}.Debug|Any CPU.Build.0 = Debug|Any CPU
		{9CA78C12-31BB-4EB5-967B-A1AD28BA3EDE}.MonoDebug|Any CPU.ActiveCfg = Debug|Any CPU
		{9CA78C12-31BB-4EB5-967B-A1AD28BA3EDE}.MonoDebug|Any CPU.Build.0 = Debug|Any CPU
		{9CA78C12-31BB-4EB5-967B-A1AD28BA3EDE}.MonoRelease|Any CPU.ActiveCfg = Release|Any CPU
		{9CA78C12-31BB-4EB5-967B-A1AD28BA3EDE}.MonoRelease|Any CPU.Build.0 = Release|Any CPU
		{9CA78C12-31BB-4EB5-967B-A1AD28BA3EDE}.Release|Any CPU.ActiveCfg = Release|Any CPU
		{9CA78C12-31BB-4EB5-967B-A1AD28BA3EDE}.Release|Any CPU.Build.0 = Release|Any CPU
		{867B82C7-EC5B-42A1-953B-4BD3BE4E880B}.Debug|Any CPU.ActiveCfg = Debug|Any CPU
		{867B82C7-EC5B-42A1-953B-4BD3BE4E880B}.Debug|Any CPU.Build.0 = Debug|Any CPU
		{867B82C7-EC5B-42A1-953B-4BD3BE4E880B}.MonoDebug|Any CPU.ActiveCfg = Debug|Any CPU
		{867B82C7-EC5B-42A1-953B-4BD3BE4E880B}.MonoDebug|Any CPU.Build.0 = Debug|Any CPU
		{867B82C7-EC5B-42A1-953B-4BD3BE4E880B}.MonoRelease|Any CPU.ActiveCfg = Release|Any CPU
		{867B82C7-EC5B-42A1-953B-4BD3BE4E880B}.MonoRelease|Any CPU.Build.0 = Release|Any CPU
		{867B82C7-EC5B-42A1-953B-4BD3BE4E880B}.Release|Any CPU.ActiveCfg = Release|Any CPU
		{867B82C7-EC5B-42A1-953B-4BD3BE4E880B}.Release|Any CPU.Build.0 = Release|Any CPU
		{4F97F144-F6C2-411D-BA7A-AAE59916AF83}.Debug|Any CPU.ActiveCfg = Debug|Any CPU
		{4F97F144-F6C2-411D-BA7A-AAE59916AF83}.Debug|Any CPU.Build.0 = Debug|Any CPU
		{4F97F144-F6C2-411D-BA7A-AAE59916AF83}.MonoDebug|Any CPU.ActiveCfg = Debug|Any CPU
		{4F97F144-F6C2-411D-BA7A-AAE59916AF83}.MonoDebug|Any CPU.Build.0 = Debug|Any CPU
		{4F97F144-F6C2-411D-BA7A-AAE59916AF83}.MonoRelease|Any CPU.ActiveCfg = Release|Any CPU
		{4F97F144-F6C2-411D-BA7A-AAE59916AF83}.MonoRelease|Any CPU.Build.0 = Release|Any CPU
		{4F97F144-F6C2-411D-BA7A-AAE59916AF83}.Release|Any CPU.ActiveCfg = Release|Any CPU
		{4F97F144-F6C2-411D-BA7A-AAE59916AF83}.Release|Any CPU.Build.0 = Release|Any CPU
		{4D131CB4-A751-4C3C-91D7-69FEA417377C}.Debug|Any CPU.ActiveCfg = Debug|Any CPU
		{4D131CB4-A751-4C3C-91D7-69FEA417377C}.Debug|Any CPU.Build.0 = Debug|Any CPU
		{4D131CB4-A751-4C3C-91D7-69FEA417377C}.MonoDebug|Any CPU.ActiveCfg = Debug|Any CPU
		{4D131CB4-A751-4C3C-91D7-69FEA417377C}.MonoDebug|Any CPU.Build.0 = Debug|Any CPU
		{4D131CB4-A751-4C3C-91D7-69FEA417377C}.MonoRelease|Any CPU.ActiveCfg = Release|Any CPU
		{4D131CB4-A751-4C3C-91D7-69FEA417377C}.MonoRelease|Any CPU.Build.0 = Release|Any CPU
		{4D131CB4-A751-4C3C-91D7-69FEA417377C}.Release|Any CPU.ActiveCfg = Release|Any CPU
		{4D131CB4-A751-4C3C-91D7-69FEA417377C}.Release|Any CPU.Build.0 = Release|Any CPU
		{5A9840FB-5386-4FE3-9930-9300B6BCE096}.Debug|Any CPU.ActiveCfg = Debug|Any CPU
		{5A9840FB-5386-4FE3-9930-9300B6BCE096}.Debug|Any CPU.Build.0 = Debug|Any CPU
		{5A9840FB-5386-4FE3-9930-9300B6BCE096}.MonoDebug|Any CPU.ActiveCfg = Debug|Any CPU
		{5A9840FB-5386-4FE3-9930-9300B6BCE096}.MonoDebug|Any CPU.Build.0 = Debug|Any CPU
		{5A9840FB-5386-4FE3-9930-9300B6BCE096}.MonoRelease|Any CPU.ActiveCfg = Release|Any CPU
		{5A9840FB-5386-4FE3-9930-9300B6BCE096}.MonoRelease|Any CPU.Build.0 = Release|Any CPU
		{5A9840FB-5386-4FE3-9930-9300B6BCE096}.Release|Any CPU.ActiveCfg = Release|Any CPU
		{5A9840FB-5386-4FE3-9930-9300B6BCE096}.Release|Any CPU.Build.0 = Release|Any CPU
		{CBADC3BF-2186-4A61-AD3E-91A201976285}.Debug|Any CPU.ActiveCfg = Debug|Any CPU
		{CBADC3BF-2186-4A61-AD3E-91A201976285}.Debug|Any CPU.Build.0 = Debug|Any CPU
		{CBADC3BF-2186-4A61-AD3E-91A201976285}.MonoDebug|Any CPU.ActiveCfg = Debug|Any CPU
		{CBADC3BF-2186-4A61-AD3E-91A201976285}.MonoDebug|Any CPU.Build.0 = Debug|Any CPU
		{CBADC3BF-2186-4A61-AD3E-91A201976285}.MonoRelease|Any CPU.ActiveCfg = Release|Any CPU
		{CBADC3BF-2186-4A61-AD3E-91A201976285}.MonoRelease|Any CPU.Build.0 = Release|Any CPU
		{CBADC3BF-2186-4A61-AD3E-91A201976285}.Release|Any CPU.ActiveCfg = Release|Any CPU
		{CBADC3BF-2186-4A61-AD3E-91A201976285}.Release|Any CPU.Build.0 = Release|Any CPU
		{CFA2FBC7-1A01-4EA9-93FF-BFF6ECEB24C6}.Debug|Any CPU.ActiveCfg = Debug|Any CPU
		{CFA2FBC7-1A01-4EA9-93FF-BFF6ECEB24C6}.Debug|Any CPU.Build.0 = Debug|Any CPU
		{CFA2FBC7-1A01-4EA9-93FF-BFF6ECEB24C6}.MonoDebug|Any CPU.ActiveCfg = Debug|Any CPU
		{CFA2FBC7-1A01-4EA9-93FF-BFF6ECEB24C6}.MonoDebug|Any CPU.Build.0 = Debug|Any CPU
		{CFA2FBC7-1A01-4EA9-93FF-BFF6ECEB24C6}.MonoRelease|Any CPU.ActiveCfg = Release|Any CPU
		{CFA2FBC7-1A01-4EA9-93FF-BFF6ECEB24C6}.MonoRelease|Any CPU.Build.0 = Release|Any CPU
		{CFA2FBC7-1A01-4EA9-93FF-BFF6ECEB24C6}.Release|Any CPU.ActiveCfg = Release|Any CPU
		{CFA2FBC7-1A01-4EA9-93FF-BFF6ECEB24C6}.Release|Any CPU.Build.0 = Release|Any CPU
		{5176E57C-0DB1-4654-BE8D-4121F3C8DBAA}.Debug|Any CPU.ActiveCfg = Debug|Any CPU
		{5176E57C-0DB1-4654-BE8D-4121F3C8DBAA}.Debug|Any CPU.Build.0 = Debug|Any CPU
		{5176E57C-0DB1-4654-BE8D-4121F3C8DBAA}.MonoDebug|Any CPU.ActiveCfg = Debug|Any CPU
		{5176E57C-0DB1-4654-BE8D-4121F3C8DBAA}.MonoDebug|Any CPU.Build.0 = Debug|Any CPU
		{5176E57C-0DB1-4654-BE8D-4121F3C8DBAA}.MonoRelease|Any CPU.ActiveCfg = Release|Any CPU
		{5176E57C-0DB1-4654-BE8D-4121F3C8DBAA}.MonoRelease|Any CPU.Build.0 = Release|Any CPU
		{5176E57C-0DB1-4654-BE8D-4121F3C8DBAA}.Release|Any CPU.ActiveCfg = Release|Any CPU
		{5176E57C-0DB1-4654-BE8D-4121F3C8DBAA}.Release|Any CPU.Build.0 = Release|Any CPU
		{78131E18-DACE-4CB5-A98D-29736421CB37}.Debug|Any CPU.ActiveCfg = Debug|Any CPU
		{78131E18-DACE-4CB5-A98D-29736421CB37}.Debug|Any CPU.Build.0 = Debug|Any CPU
		{78131E18-DACE-4CB5-A98D-29736421CB37}.MonoDebug|Any CPU.ActiveCfg = Debug|Any CPU
		{78131E18-DACE-4CB5-A98D-29736421CB37}.MonoDebug|Any CPU.Build.0 = Debug|Any CPU
		{78131E18-DACE-4CB5-A98D-29736421CB37}.MonoRelease|Any CPU.ActiveCfg = Release|Any CPU
		{78131E18-DACE-4CB5-A98D-29736421CB37}.MonoRelease|Any CPU.Build.0 = Release|Any CPU
		{78131E18-DACE-4CB5-A98D-29736421CB37}.Release|Any CPU.ActiveCfg = Release|Any CPU
		{78131E18-DACE-4CB5-A98D-29736421CB37}.Release|Any CPU.Build.0 = Release|Any CPU
		{B45F052D-27CF-4977-BC60-7E4086BD9525}.Debug|Any CPU.ActiveCfg = Debug|Any CPU
		{B45F052D-27CF-4977-BC60-7E4086BD9525}.Debug|Any CPU.Build.0 = Debug|Any CPU
		{B45F052D-27CF-4977-BC60-7E4086BD9525}.MonoDebug|Any CPU.ActiveCfg = Debug|Any CPU
		{B45F052D-27CF-4977-BC60-7E4086BD9525}.MonoDebug|Any CPU.Build.0 = Debug|Any CPU
		{B45F052D-27CF-4977-BC60-7E4086BD9525}.MonoRelease|Any CPU.ActiveCfg = Release|Any CPU
		{B45F052D-27CF-4977-BC60-7E4086BD9525}.MonoRelease|Any CPU.Build.0 = Release|Any CPU
		{B45F052D-27CF-4977-BC60-7E4086BD9525}.Release|Any CPU.ActiveCfg = Release|Any CPU
		{B45F052D-27CF-4977-BC60-7E4086BD9525}.Release|Any CPU.Build.0 = Release|Any CPU
		{B12613FD-27D1-44BC-A4C2-9881FDA926E4}.Debug|Any CPU.ActiveCfg = Debug|Any CPU
		{B12613FD-27D1-44BC-A4C2-9881FDA926E4}.Debug|Any CPU.Build.0 = Debug|Any CPU
		{B12613FD-27D1-44BC-A4C2-9881FDA926E4}.MonoDebug|Any CPU.ActiveCfg = Debug|Any CPU
		{B12613FD-27D1-44BC-A4C2-9881FDA926E4}.MonoDebug|Any CPU.Build.0 = Debug|Any CPU
		{B12613FD-27D1-44BC-A4C2-9881FDA926E4}.MonoRelease|Any CPU.ActiveCfg = Release|Any CPU
		{B12613FD-27D1-44BC-A4C2-9881FDA926E4}.MonoRelease|Any CPU.Build.0 = Release|Any CPU
		{B12613FD-27D1-44BC-A4C2-9881FDA926E4}.Release|Any CPU.ActiveCfg = Release|Any CPU
		{B12613FD-27D1-44BC-A4C2-9881FDA926E4}.Release|Any CPU.Build.0 = Release|Any CPU
		{EF6F7746-E6D4-4899-BE49-D4F1456835A3}.Debug|Any CPU.ActiveCfg = Debug|Any CPU
		{EF6F7746-E6D4-4899-BE49-D4F1456835A3}.Debug|Any CPU.Build.0 = Debug|Any CPU
		{EF6F7746-E6D4-4899-BE49-D4F1456835A3}.MonoDebug|Any CPU.ActiveCfg = Debug|Any CPU
		{EF6F7746-E6D4-4899-BE49-D4F1456835A3}.MonoDebug|Any CPU.Build.0 = Debug|Any CPU
		{EF6F7746-E6D4-4899-BE49-D4F1456835A3}.MonoRelease|Any CPU.ActiveCfg = Release|Any CPU
		{EF6F7746-E6D4-4899-BE49-D4F1456835A3}.MonoRelease|Any CPU.Build.0 = Release|Any CPU
		{EF6F7746-E6D4-4899-BE49-D4F1456835A3}.Release|Any CPU.ActiveCfg = Release|Any CPU
		{EF6F7746-E6D4-4899-BE49-D4F1456835A3}.Release|Any CPU.Build.0 = Release|Any CPU
		{6F485A2C-751E-49EC-A4AF-BCF47014B65F}.Debug|Any CPU.ActiveCfg = Debug|Any CPU
		{6F485A2C-751E-49EC-A4AF-BCF47014B65F}.Debug|Any CPU.Build.0 = Debug|Any CPU
		{6F485A2C-751E-49EC-A4AF-BCF47014B65F}.MonoDebug|Any CPU.ActiveCfg = Debug|Any CPU
		{6F485A2C-751E-49EC-A4AF-BCF47014B65F}.MonoDebug|Any CPU.Build.0 = Debug|Any CPU
		{6F485A2C-751E-49EC-A4AF-BCF47014B65F}.MonoRelease|Any CPU.ActiveCfg = Release|Any CPU
		{6F485A2C-751E-49EC-A4AF-BCF47014B65F}.MonoRelease|Any CPU.Build.0 = Release|Any CPU
		{6F485A2C-751E-49EC-A4AF-BCF47014B65F}.Release|Any CPU.ActiveCfg = Release|Any CPU
		{6F485A2C-751E-49EC-A4AF-BCF47014B65F}.Release|Any CPU.Build.0 = Release|Any CPU
		{56BF7ABD-68B3-422E-9D25-8AF9648CF4CA}.Debug|Any CPU.ActiveCfg = Debug|Any CPU
		{56BF7ABD-68B3-422E-9D25-8AF9648CF4CA}.Debug|Any CPU.Build.0 = Debug|Any CPU
		{56BF7ABD-68B3-422E-9D25-8AF9648CF4CA}.MonoDebug|Any CPU.ActiveCfg = Debug|Any CPU
		{56BF7ABD-68B3-422E-9D25-8AF9648CF4CA}.MonoDebug|Any CPU.Build.0 = Debug|Any CPU
		{56BF7ABD-68B3-422E-9D25-8AF9648CF4CA}.MonoRelease|Any CPU.ActiveCfg = Release|Any CPU
		{56BF7ABD-68B3-422E-9D25-8AF9648CF4CA}.MonoRelease|Any CPU.Build.0 = Release|Any CPU
		{56BF7ABD-68B3-422E-9D25-8AF9648CF4CA}.Release|Any CPU.ActiveCfg = Release|Any CPU
		{56BF7ABD-68B3-422E-9D25-8AF9648CF4CA}.Release|Any CPU.Build.0 = Release|Any CPU
		{4D9E4A6F-C66B-4560-A14E-27F05CFBCC14}.Debug|Any CPU.ActiveCfg = Debug|Any CPU
		{4D9E4A6F-C66B-4560-A14E-27F05CFBCC14}.Debug|Any CPU.Build.0 = Debug|Any CPU
		{4D9E4A6F-C66B-4560-A14E-27F05CFBCC14}.MonoDebug|Any CPU.ActiveCfg = Debug|Any CPU
		{4D9E4A6F-C66B-4560-A14E-27F05CFBCC14}.MonoDebug|Any CPU.Build.0 = Debug|Any CPU
		{4D9E4A6F-C66B-4560-A14E-27F05CFBCC14}.MonoRelease|Any CPU.ActiveCfg = Release|Any CPU
		{4D9E4A6F-C66B-4560-A14E-27F05CFBCC14}.MonoRelease|Any CPU.Build.0 = Release|Any CPU
		{4D9E4A6F-C66B-4560-A14E-27F05CFBCC14}.Release|Any CPU.ActiveCfg = Release|Any CPU
		{4D9E4A6F-C66B-4560-A14E-27F05CFBCC14}.Release|Any CPU.Build.0 = Release|Any CPU
		{08FB91E8-E141-46F7-AC57-D905C5EB74F8}.Debug|Any CPU.ActiveCfg = Debug|Any CPU
		{08FB91E8-E141-46F7-AC57-D905C5EB74F8}.Debug|Any CPU.Build.0 = Debug|Any CPU
		{08FB91E8-E141-46F7-AC57-D905C5EB74F8}.MonoDebug|Any CPU.ActiveCfg = Debug|Any CPU
		{08FB91E8-E141-46F7-AC57-D905C5EB74F8}.MonoDebug|Any CPU.Build.0 = Debug|Any CPU
		{08FB91E8-E141-46F7-AC57-D905C5EB74F8}.MonoRelease|Any CPU.ActiveCfg = Release|Any CPU
		{08FB91E8-E141-46F7-AC57-D905C5EB74F8}.MonoRelease|Any CPU.Build.0 = Release|Any CPU
		{08FB91E8-E141-46F7-AC57-D905C5EB74F8}.Release|Any CPU.ActiveCfg = Release|Any CPU
		{08FB91E8-E141-46F7-AC57-D905C5EB74F8}.Release|Any CPU.Build.0 = Release|Any CPU
		{1B3C13B3-8FB2-4844-B6E6-6F46B0B9F5F2}.Debug|Any CPU.ActiveCfg = Debug|Any CPU
		{1B3C13B3-8FB2-4844-B6E6-6F46B0B9F5F2}.Debug|Any CPU.Build.0 = Debug|Any CPU
		{1B3C13B3-8FB2-4844-B6E6-6F46B0B9F5F2}.MonoDebug|Any CPU.ActiveCfg = Debug|Any CPU
		{1B3C13B3-8FB2-4844-B6E6-6F46B0B9F5F2}.MonoDebug|Any CPU.Build.0 = Debug|Any CPU
		{1B3C13B3-8FB2-4844-B6E6-6F46B0B9F5F2}.MonoRelease|Any CPU.ActiveCfg = Release|Any CPU
		{1B3C13B3-8FB2-4844-B6E6-6F46B0B9F5F2}.MonoRelease|Any CPU.Build.0 = Release|Any CPU
		{1B3C13B3-8FB2-4844-B6E6-6F46B0B9F5F2}.Release|Any CPU.ActiveCfg = Release|Any CPU
		{1B3C13B3-8FB2-4844-B6E6-6F46B0B9F5F2}.Release|Any CPU.Build.0 = Release|Any CPU
		{109494B9-85DC-46A5-8F84-CD05A09F629F}.Debug|Any CPU.ActiveCfg = Debug|Any CPU
		{109494B9-85DC-46A5-8F84-CD05A09F629F}.Debug|Any CPU.Build.0 = Debug|Any CPU
		{109494B9-85DC-46A5-8F84-CD05A09F629F}.MonoDebug|Any CPU.ActiveCfg = Debug|Any CPU
		{109494B9-85DC-46A5-8F84-CD05A09F629F}.MonoDebug|Any CPU.Build.0 = Debug|Any CPU
		{109494B9-85DC-46A5-8F84-CD05A09F629F}.MonoRelease|Any CPU.ActiveCfg = Release|Any CPU
		{109494B9-85DC-46A5-8F84-CD05A09F629F}.MonoRelease|Any CPU.Build.0 = Release|Any CPU
		{109494B9-85DC-46A5-8F84-CD05A09F629F}.Release|Any CPU.ActiveCfg = Release|Any CPU
		{109494B9-85DC-46A5-8F84-CD05A09F629F}.Release|Any CPU.Build.0 = Release|Any CPU
		{39075058-2635-425A-A4C0-9713074AD861}.Debug|Any CPU.ActiveCfg = Debug|Any CPU
		{39075058-2635-425A-A4C0-9713074AD861}.Debug|Any CPU.Build.0 = Debug|Any CPU
		{39075058-2635-425A-A4C0-9713074AD861}.MonoDebug|Any CPU.ActiveCfg = Debug|Any CPU
		{39075058-2635-425A-A4C0-9713074AD861}.MonoDebug|Any CPU.Build.0 = Debug|Any CPU
		{39075058-2635-425A-A4C0-9713074AD861}.MonoRelease|Any CPU.ActiveCfg = Release|Any CPU
		{39075058-2635-425A-A4C0-9713074AD861}.MonoRelease|Any CPU.Build.0 = Release|Any CPU
		{39075058-2635-425A-A4C0-9713074AD861}.Release|Any CPU.ActiveCfg = Release|Any CPU
		{39075058-2635-425A-A4C0-9713074AD861}.Release|Any CPU.Build.0 = Release|Any CPU
		{F32E5D6F-1962-4202-8DB6-6329D3CE78CB}.Debug|Any CPU.ActiveCfg = Debug|Any CPU
		{F32E5D6F-1962-4202-8DB6-6329D3CE78CB}.Debug|Any CPU.Build.0 = Debug|Any CPU
		{F32E5D6F-1962-4202-8DB6-6329D3CE78CB}.MonoDebug|Any CPU.ActiveCfg = Debug|Any CPU
		{F32E5D6F-1962-4202-8DB6-6329D3CE78CB}.MonoDebug|Any CPU.Build.0 = Debug|Any CPU
		{F32E5D6F-1962-4202-8DB6-6329D3CE78CB}.MonoRelease|Any CPU.ActiveCfg = Release|Any CPU
		{F32E5D6F-1962-4202-8DB6-6329D3CE78CB}.MonoRelease|Any CPU.Build.0 = Release|Any CPU
		{F32E5D6F-1962-4202-8DB6-6329D3CE78CB}.Release|Any CPU.ActiveCfg = Release|Any CPU
		{F32E5D6F-1962-4202-8DB6-6329D3CE78CB}.Release|Any CPU.Build.0 = Release|Any CPU
		{3962D5DD-2F6A-4FCE-A353-F09E8B7086A0}.Debug|Any CPU.ActiveCfg = Debug|Any CPU
		{3962D5DD-2F6A-4FCE-A353-F09E8B7086A0}.Debug|Any CPU.Build.0 = Debug|Any CPU
		{3962D5DD-2F6A-4FCE-A353-F09E8B7086A0}.MonoDebug|Any CPU.ActiveCfg = Debug|Any CPU
		{3962D5DD-2F6A-4FCE-A353-F09E8B7086A0}.MonoDebug|Any CPU.Build.0 = Debug|Any CPU
		{3962D5DD-2F6A-4FCE-A353-F09E8B7086A0}.MonoRelease|Any CPU.ActiveCfg = Release|Any CPU
		{3962D5DD-2F6A-4FCE-A353-F09E8B7086A0}.MonoRelease|Any CPU.Build.0 = Release|Any CPU
		{3962D5DD-2F6A-4FCE-A353-F09E8B7086A0}.Release|Any CPU.ActiveCfg = Release|Any CPU
		{3962D5DD-2F6A-4FCE-A353-F09E8B7086A0}.Release|Any CPU.Build.0 = Release|Any CPU
		{FF9695FC-04EB-4B5D-B154-67012B52DAF5}.Debug|Any CPU.ActiveCfg = Debug|Any CPU
		{FF9695FC-04EB-4B5D-B154-67012B52DAF5}.Debug|Any CPU.Build.0 = Debug|Any CPU
		{FF9695FC-04EB-4B5D-B154-67012B52DAF5}.MonoDebug|Any CPU.ActiveCfg = Debug|Any CPU
		{FF9695FC-04EB-4B5D-B154-67012B52DAF5}.MonoDebug|Any CPU.Build.0 = Debug|Any CPU
		{FF9695FC-04EB-4B5D-B154-67012B52DAF5}.MonoRelease|Any CPU.ActiveCfg = Release|Any CPU
		{FF9695FC-04EB-4B5D-B154-67012B52DAF5}.MonoRelease|Any CPU.Build.0 = Release|Any CPU
		{FF9695FC-04EB-4B5D-B154-67012B52DAF5}.Release|Any CPU.ActiveCfg = Release|Any CPU
		{FF9695FC-04EB-4B5D-B154-67012B52DAF5}.Release|Any CPU.Build.0 = Release|Any CPU
		{5AB084C8-5DD5-4714-BBA0-098228188F33}.Debug|Any CPU.ActiveCfg = Debug|Any CPU
		{5AB084C8-5DD5-4714-BBA0-098228188F33}.Debug|Any CPU.Build.0 = Debug|Any CPU
		{5AB084C8-5DD5-4714-BBA0-098228188F33}.MonoDebug|Any CPU.ActiveCfg = Debug|Any CPU
		{5AB084C8-5DD5-4714-BBA0-098228188F33}.MonoDebug|Any CPU.Build.0 = Debug|Any CPU
		{5AB084C8-5DD5-4714-BBA0-098228188F33}.MonoRelease|Any CPU.ActiveCfg = Release|Any CPU
		{5AB084C8-5DD5-4714-BBA0-098228188F33}.MonoRelease|Any CPU.Build.0 = Release|Any CPU
		{5AB084C8-5DD5-4714-BBA0-098228188F33}.Release|Any CPU.ActiveCfg = Release|Any CPU
		{5AB084C8-5DD5-4714-BBA0-098228188F33}.Release|Any CPU.Build.0 = Release|Any CPU
		{4E97C917-6BCA-4CBA-BD16-AA72D29C1150}.Debug|Any CPU.ActiveCfg = Debug|Any CPU
		{4E97C917-6BCA-4CBA-BD16-AA72D29C1150}.Debug|Any CPU.Build.0 = Debug|Any CPU
		{4E97C917-6BCA-4CBA-BD16-AA72D29C1150}.MonoDebug|Any CPU.ActiveCfg = Debug|Any CPU
		{4E97C917-6BCA-4CBA-BD16-AA72D29C1150}.MonoDebug|Any CPU.Build.0 = Debug|Any CPU
		{4E97C917-6BCA-4CBA-BD16-AA72D29C1150}.MonoRelease|Any CPU.ActiveCfg = Release|Any CPU
		{4E97C917-6BCA-4CBA-BD16-AA72D29C1150}.MonoRelease|Any CPU.Build.0 = Release|Any CPU
		{4E97C917-6BCA-4CBA-BD16-AA72D29C1150}.Release|Any CPU.ActiveCfg = Release|Any CPU
		{4E97C917-6BCA-4CBA-BD16-AA72D29C1150}.Release|Any CPU.Build.0 = Release|Any CPU
		{F43596D6-0C72-491A-A6D3-C47050A124A5}.Debug|Any CPU.ActiveCfg = Debug|Any CPU
		{F43596D6-0C72-491A-A6D3-C47050A124A5}.Debug|Any CPU.Build.0 = Debug|Any CPU
		{F43596D6-0C72-491A-A6D3-C47050A124A5}.MonoDebug|Any CPU.ActiveCfg = Debug|Any CPU
		{F43596D6-0C72-491A-A6D3-C47050A124A5}.MonoDebug|Any CPU.Build.0 = Debug|Any CPU
		{F43596D6-0C72-491A-A6D3-C47050A124A5}.MonoRelease|Any CPU.ActiveCfg = Release|Any CPU
		{F43596D6-0C72-491A-A6D3-C47050A124A5}.MonoRelease|Any CPU.Build.0 = Release|Any CPU
		{F43596D6-0C72-491A-A6D3-C47050A124A5}.Release|Any CPU.ActiveCfg = Release|Any CPU
		{F43596D6-0C72-491A-A6D3-C47050A124A5}.Release|Any CPU.Build.0 = Release|Any CPU
		{B432490B-83A2-4F58-A47A-5F513F13880A}.Debug|Any CPU.ActiveCfg = Debug|Any CPU
		{B432490B-83A2-4F58-A47A-5F513F13880A}.Debug|Any CPU.Build.0 = Debug|Any CPU
		{B432490B-83A2-4F58-A47A-5F513F13880A}.MonoDebug|Any CPU.ActiveCfg = Debug|Any CPU
		{B432490B-83A2-4F58-A47A-5F513F13880A}.MonoDebug|Any CPU.Build.0 = Debug|Any CPU
		{B432490B-83A2-4F58-A47A-5F513F13880A}.MonoRelease|Any CPU.ActiveCfg = Release|Any CPU
		{B432490B-83A2-4F58-A47A-5F513F13880A}.MonoRelease|Any CPU.Build.0 = Release|Any CPU
		{B432490B-83A2-4F58-A47A-5F513F13880A}.Release|Any CPU.ActiveCfg = Release|Any CPU
		{B432490B-83A2-4F58-A47A-5F513F13880A}.Release|Any CPU.Build.0 = Release|Any CPU
		{4A801B8E-F312-4B68-B7F8-08671B127581}.Debug|Any CPU.ActiveCfg = Debug|Any CPU
		{4A801B8E-F312-4B68-B7F8-08671B127581}.Debug|Any CPU.Build.0 = Debug|Any CPU
		{4A801B8E-F312-4B68-B7F8-08671B127581}.MonoDebug|Any CPU.ActiveCfg = Debug|Any CPU
		{4A801B8E-F312-4B68-B7F8-08671B127581}.MonoDebug|Any CPU.Build.0 = Debug|Any CPU
		{4A801B8E-F312-4B68-B7F8-08671B127581}.MonoRelease|Any CPU.ActiveCfg = Release|Any CPU
		{4A801B8E-F312-4B68-B7F8-08671B127581}.MonoRelease|Any CPU.Build.0 = Release|Any CPU
		{4A801B8E-F312-4B68-B7F8-08671B127581}.Release|Any CPU.ActiveCfg = Release|Any CPU
		{4A801B8E-F312-4B68-B7F8-08671B127581}.Release|Any CPU.Build.0 = Release|Any CPU
		{93BF476B-2634-4DE2-807E-F7ED6CC19718}.Debug|Any CPU.ActiveCfg = Debug|Any CPU
		{93BF476B-2634-4DE2-807E-F7ED6CC19718}.Debug|Any CPU.Build.0 = Debug|Any CPU
		{93BF476B-2634-4DE2-807E-F7ED6CC19718}.MonoDebug|Any CPU.ActiveCfg = Debug|Any CPU
		{93BF476B-2634-4DE2-807E-F7ED6CC19718}.MonoDebug|Any CPU.Build.0 = Debug|Any CPU
		{93BF476B-2634-4DE2-807E-F7ED6CC19718}.MonoRelease|Any CPU.ActiveCfg = Release|Any CPU
		{93BF476B-2634-4DE2-807E-F7ED6CC19718}.MonoRelease|Any CPU.Build.0 = Release|Any CPU
		{93BF476B-2634-4DE2-807E-F7ED6CC19718}.Release|Any CPU.ActiveCfg = Release|Any CPU
		{93BF476B-2634-4DE2-807E-F7ED6CC19718}.Release|Any CPU.Build.0 = Release|Any CPU
		{7FE05D04-C797-4960-A89F-F04B14491A45}.Debug|Any CPU.ActiveCfg = Debug|Any CPU
		{7FE05D04-C797-4960-A89F-F04B14491A45}.Debug|Any CPU.Build.0 = Debug|Any CPU
		{7FE05D04-C797-4960-A89F-F04B14491A45}.MonoDebug|Any CPU.ActiveCfg = Debug|Any CPU
		{7FE05D04-C797-4960-A89F-F04B14491A45}.MonoDebug|Any CPU.Build.0 = Debug|Any CPU
		{7FE05D04-C797-4960-A89F-F04B14491A45}.MonoRelease|Any CPU.ActiveCfg = Release|Any CPU
		{7FE05D04-C797-4960-A89F-F04B14491A45}.MonoRelease|Any CPU.Build.0 = Release|Any CPU
		{7FE05D04-C797-4960-A89F-F04B14491A45}.Release|Any CPU.ActiveCfg = Release|Any CPU
		{7FE05D04-C797-4960-A89F-F04B14491A45}.Release|Any CPU.Build.0 = Release|Any CPU
	EndGlobalSection
	GlobalSection(SolutionProperties) = preSolution
		HideSolutionNode = FALSE
	EndGlobalSection
	GlobalSection(NestedProjects) = preSolution
		{34576216-0DCA-4B0F-A0DC-9075E75A676F} = {E944109B-0B7A-4ADE-8602-004CEFA5897D}
		{8B7EC9F2-44D2-426C-AE7F-801DC3238259} = {E944109B-0B7A-4ADE-8602-004CEFA5897D}
		{2C6F51DF-015C-4DB6-B44C-0E5E4F25E2A9} = {E944109B-0B7A-4ADE-8602-004CEFA5897D}
		{4B7E35DF-1569-4346-B180-A09615723095} = {E944109B-0B7A-4ADE-8602-004CEFA5897D}
		{15B7F794-0BB2-4B66-AD78-4A951F1209B2} = {E944109B-0B7A-4ADE-8602-004CEFA5897D}
		{E8B18958-7C8A-4FBA-AF00-3041C34A20CE} = {E944109B-0B7A-4ADE-8602-004CEFA5897D}
		{AA7F66EB-EC2C-47DE-855F-30B3E6EF2134} = {E944109B-0B7A-4ADE-8602-004CEFA5897D}
		{D79203C0-B672-4751-9C95-C3AB7D3FEFBE} = {E944109B-0B7A-4ADE-8602-004CEFA5897D}
		{B795886D-9D70-45B1-BFB5-AD54CBC9A447} = {E944109B-0B7A-4ADE-8602-004CEFA5897D}
		{BD72B98D-C81A-4013-B606-94B4BA2273E5} = {E944109B-0B7A-4ADE-8602-004CEFA5897D}
		{776D244D-BC4D-4BBB-A478-CAF2D04520E1} = {A427F9F8-0A6F-4EEA-837F-FCDAB6E7D4B3}
		{3D44A461-3133-4B49-A74B-D25632A12FE5} = {A427F9F8-0A6F-4EEA-837F-FCDAB6E7D4B3}
		{FE32460D-547C-4EB9-A768-541255CCAA83} = {A427F9F8-0A6F-4EEA-837F-FCDAB6E7D4B3}
		{06F89662-C2F0-4C1D-8581-E0C4A615B7E2} = {A427F9F8-0A6F-4EEA-837F-FCDAB6E7D4B3}
		{D0F1D7F4-0D48-49AE-9E33-005926B58B1D} = {A427F9F8-0A6F-4EEA-837F-FCDAB6E7D4B3}
		{4E974051-38C2-4B5D-A6B1-F265A428A673} = {A427F9F8-0A6F-4EEA-837F-FCDAB6E7D4B3}
		{8EB9E15A-4B65-4C80-B834-9A7773750666} = {A427F9F8-0A6F-4EEA-837F-FCDAB6E7D4B3}
		{A3BF6450-DE9A-4C11-8E3C-66D9A8EC93F5} = {A427F9F8-0A6F-4EEA-837F-FCDAB6E7D4B3}
		{2026DD2D-E041-4A14-8A04-D5B39B8B7C40} = {A427F9F8-0A6F-4EEA-837F-FCDAB6E7D4B3}
		{BDA5E175-07D7-4E6F-B46F-C2CF7D63E231} = {A427F9F8-0A6F-4EEA-837F-FCDAB6E7D4B3}
		{5F2DD52D-471B-4946-8F7B-F050C88EFC52} = {4A24657F-9695-437B-9702-2541ED280628}
		{98940A30-1B48-4F71-A6BA-85F0AAF31A2F} = {4A24657F-9695-437B-9702-2541ED280628}
		{EF660223-4DFD-4E36-BF36-9DD6AFB3F837} = {4A24657F-9695-437B-9702-2541ED280628}
		{28F9EA8B-90F7-4974-BB40-0B7FA9309D02} = {4A24657F-9695-437B-9702-2541ED280628}
		{0B3EA40E-F7D8-4E14-A30F-1536F41B62D1} = {4A24657F-9695-437B-9702-2541ED280628}
		{EBB6F597-3273-4972-8B25-A809D2FC1F24} = {4A24657F-9695-437B-9702-2541ED280628}
		{E127FED3-01C0-41BA-BF83-D8DCDD827D6A} = {4A24657F-9695-437B-9702-2541ED280628}
		{948A8EF6-D50C-45EA-9AFD-7A4723ADAB0B} = {4A24657F-9695-437B-9702-2541ED280628}
		{1258BFCD-3BAD-4373-B786-4D698EC3C157} = {4A24657F-9695-437B-9702-2541ED280628}
		{4885B9DF-D99C-4A1C-8606-259D32A58C33} = {4A24657F-9695-437B-9702-2541ED280628}
		{DE91D085-70DF-4892-B0E3-B849E9BF6AF5} = {4A24657F-9695-437B-9702-2541ED280628}
		{911196F4-B88F-4940-B1FD-D30F5290D06D} = {4A24657F-9695-437B-9702-2541ED280628}
		{A1A9E636-A37C-4170-B2E4-99D4F69B415D} = {E944109B-0B7A-4ADE-8602-004CEFA5897D}
		{F417B81C-B914-4BFD-8299-6BBD11072B01} = {4A24657F-9695-437B-9702-2541ED280628}
		{701765DC-F4F2-4943-A37F-6ED253198158} = {E944109B-0B7A-4ADE-8602-004CEFA5897D}
		{01230F2A-D108-480C-B834-8CE0569FD3B3} = {E944109B-0B7A-4ADE-8602-004CEFA5897D}
		{8F9F910D-416E-4B28-BE59-D76670405F56} = {A427F9F8-0A6F-4EEA-837F-FCDAB6E7D4B3}
		{FBC35268-377B-4DBE-87E3-B22D1314BEC6} = {A427F9F8-0A6F-4EEA-837F-FCDAB6E7D4B3}
		{3F18F5DA-93E0-4513-8BF4-BC8EE5C4117C} = {A427F9F8-0A6F-4EEA-837F-FCDAB6E7D4B3}
		{EDF3E264-2D0F-4440-99FF-45D279A598A9} = {E944109B-0B7A-4ADE-8602-004CEFA5897D}
		{CA24ED85-DD68-4C10-B80A-D81C6745FCB8} = {A427F9F8-0A6F-4EEA-837F-FCDAB6E7D4B3}
		{211560C3-FDDF-46D6-AB0C-F3BC04B173B5} = {E944109B-0B7A-4ADE-8602-004CEFA5897D}
		{B5E3586D-81DE-49C3-83BC-062684795127} = {4A24657F-9695-437B-9702-2541ED280628}
		{BAE74CD5-57C2-40E3-8F7A-EDE5721C2ACC} = {4A24657F-9695-437B-9702-2541ED280628}
		{396F0BCE-5B51-4B6A-931E-312880C24725} = {4A24657F-9695-437B-9702-2541ED280628}
		{14A66047-5F67-4774-B0E3-195D1D25B6A5} = {E944109B-0B7A-4ADE-8602-004CEFA5897D}
		{429873F5-1E53-4ECC-A9EC-7950C789C6DF} = {A427F9F8-0A6F-4EEA-837F-FCDAB6E7D4B3}
		{F56F3983-0C34-4AEC-B418-A8AFFA63F1C4} = {4A24657F-9695-437B-9702-2541ED280628}
		{D6B2480C-2A52-4D02-9477-D387D7A486E5} = {E944109B-0B7A-4ADE-8602-004CEFA5897D}
		{D8EBA39B-63AE-4A66-BD0E-F7F95E572135} = {E944109B-0B7A-4ADE-8602-004CEFA5897D}
		{6EED2486-39BF-491D-B033-720DFCFD1211} = {A427F9F8-0A6F-4EEA-837F-FCDAB6E7D4B3}
		{B6929D0B-5104-4C7E-979D-F4914E813FA6} = {4A24657F-9695-437B-9702-2541ED280628}
		{8EE6F976-F11F-44B3-B065-F5AAA598B30D} = {A427F9F8-0A6F-4EEA-837F-FCDAB6E7D4B3}
		{864AF449-0902-44FC-BEEE-06BA9A6F4A8F} = {E944109B-0B7A-4ADE-8602-004CEFA5897D}
		{34DDDA42-4041-4F92-87A6-F0E8CE12C7E3} = {A427F9F8-0A6F-4EEA-837F-FCDAB6E7D4B3}
		{972C2D45-49B6-4109-9A3A-0C8BC9225B95} = {4A24657F-9695-437B-9702-2541ED280628}
		{3C131D45-AF1D-4659-8B26-A9F55EED0D20} = {A427F9F8-0A6F-4EEA-837F-FCDAB6E7D4B3}
		{97FA024A-F6ED-4086-BCC1-1A51BE63474C} = {E944109B-0B7A-4ADE-8602-004CEFA5897D}
		{35460AA4-B94A-4B64-9418-7243EC3D2F01} = {4A24657F-9695-437B-9702-2541ED280628}
		{9121DA01-7BFD-49F0-9937-0D3E7875ADB9} = {4A24657F-9695-437B-9702-2541ED280628}
		{DC8AAA8B-7FD0-47C4-9413-3CC94088BCC4} = {E944109B-0B7A-4ADE-8602-004CEFA5897D}
		{508A3A68-2012-4E62-925F-2F3083A013FC} = {A427F9F8-0A6F-4EEA-837F-FCDAB6E7D4B3}
	EndGlobalSection
	GlobalSection(MonoDevelopProperties) = preSolution
		StartupItem = Nancy.Demo.Hosting.Aspnet\Nancy.Demo.Hosting.Aspnet.csproj
	EndGlobalSection
EndGlobal
